
Microsoft Visual Studio Solution File, Format Version 12.00
# Visual Studio Version 16
Project("{8BC9CEB8-8B4A-11D0-8D11-00A0C91BC942}") = "ALL_BUILD", "ALL_BUILD.vcxproj", "{3FBEB028-B30A-3E76-9189-24ABFEBA4ED1}"
	ProjectSection(ProjectDependencies) = postProject
		{3F1E4E6D-978D-390B-83E3-E7C5EA9BD66E} = {3F1E4E6D-978D-390B-83E3-E7C5EA9BD66E}
		{31900DA8-4CE5-32E6-B6BB-00C7C0F34961} = {31900DA8-4CE5-32E6-B6BB-00C7C0F34961}
		{CB6B5E4E-FE56-34E1-91CB-BEF93CFC5CE4} = {CB6B5E4E-FE56-34E1-91CB-BEF93CFC5CE4}
		{32FD19E4-2D8E-377C-B69E-6F937BF86130} = {32FD19E4-2D8E-377C-B69E-6F937BF86130}
	EndProjectSection
EndProject
Project("{8BC9CEB8-8B4A-11D0-8D11-00A0C91BC942}") = "INSTALL", "INSTALL.vcxproj", "{81A10D9F-EB88-355F-A46E-744AA5646175}"
	ProjectSection(ProjectDependencies) = postProject
		{3FBEB028-B30A-3E76-9189-24ABFEBA4ED1} = {3FBEB028-B30A-3E76-9189-24ABFEBA4ED1}
		{3F1E4E6D-978D-390B-83E3-E7C5EA9BD66E} = {3F1E4E6D-978D-390B-83E3-E7C5EA9BD66E}
	EndProjectSection
EndProject
Project("{8BC9CEB8-8B4A-11D0-8D11-00A0C91BC942}") = "ZERO_CHECK", "ZERO_CHECK.vcxproj", "{3F1E4E6D-978D-390B-83E3-E7C5EA9BD66E}"
	ProjectSection(ProjectDependencies) = postProject
	EndProjectSection
EndProject
Project("{8BC9CEB8-8B4A-11D0-8D11-00A0C91BC942}") = "arx", "arx.vcxproj", "{31900DA8-4CE5-32E6-B6BB-00C7C0F34961}"
	ProjectSection(ProjectDependencies) = postProject
		{3F1E4E6D-978D-390B-83E3-E7C5EA9BD66E} = {3F1E4E6D-978D-390B-83E3-E7C5EA9BD66E}
		{51033783-99E7-3DEE-8E61-8D040208B7EF} = {51033783-99E7-3DEE-8E61-8D040208B7EF}
	EndProjectSection
EndProject
Project("{8BC9CEB8-8B4A-11D0-8D11-00A0C91BC942}") = "arxsavetool", "arxsavetool.vcxproj", "{CB6B5E4E-FE56-34E1-91CB-BEF93CFC5CE4}"
	ProjectSection(ProjectDependencies) = postProject
		{3F1E4E6D-978D-390B-83E3-E7C5EA9BD66E} = {3F1E4E6D-978D-390B-83E3-E7C5EA9BD66E}
		{51033783-99E7-3DEE-8E61-8D040208B7EF} = {51033783-99E7-3DEE-8E61-8D040208B7EF}
	EndProjectSection
EndProject
Project("{8BC9CEB8-8B4A-11D0-8D11-00A0C91BC942}") = "arxunpak", "arxunpak.vcxproj", "{32FD19E4-2D8E-377C-B69E-6F937BF86130}"
	ProjectSection(ProjectDependencies) = postProject
		{3F1E4E6D-978D-390B-83E3-E7C5EA9BD66E} = {3F1E4E6D-978D-390B-83E3-E7C5EA9BD66E}
		{51033783-99E7-3DEE-8E61-8D040208B7EF} = {51033783-99E7-3DEE-8E61-8D040208B7EF}
	EndProjectSection
EndProject
Project("{8BC9CEB8-8B4A-11D0-8D11-00A0C91BC942}") = "style", "style.vcxproj", "{B4945294-9C03-3CF4-90CF-A0F6DB00BF7F}"
	ProjectSection(ProjectDependencies) = postProject
		{3F1E4E6D-978D-390B-83E3-E7C5EA9BD66E} = {3F1E4E6D-978D-390B-83E3-E7C5EA9BD66E}
	EndProjectSection
EndProject
Project("{8BC9CEB8-8B4A-11D0-8D11-00A0C91BC942}") = "ub_notice", "ub_notice.vcxproj", "{51033783-99E7-3DEE-8E61-8D040208B7EF}"
	ProjectSection(ProjectDependencies) = postProject
		{3F1E4E6D-978D-390B-83E3-E7C5EA9BD66E} = {3F1E4E6D-978D-390B-83E3-E7C5EA9BD66E}
	EndProjectSection
EndProject
Global
	GlobalSection(SolutionConfigurationPlatforms) = preSolution
		Debug|x64 = Debug|x64
		Release|x64 = Release|x64
		MinSizeRel|x64 = MinSizeRel|x64
		RelWithDebInfo|x64 = RelWithDebInfo|x64
	EndGlobalSection
	GlobalSection(ProjectConfigurationPlatforms) = postSolution
		{3FBEB028-B30A-3E76-9189-24ABFEBA4ED1}.Debug|x64.ActiveCfg = Debug|x64
		{3FBEB028-B30A-3E76-9189-24ABFEBA4ED1}.Debug|x64.Build.0 = Debug|x64
		{3FBEB028-B30A-3E76-9189-24ABFEBA4ED1}.Release|x64.ActiveCfg = Release|x64
		{3FBEB028-B30A-3E76-9189-24ABFEBA4ED1}.Release|x64.Build.0 = Release|x64
		{3FBEB028-B30A-3E76-9189-24ABFEBA4ED1}.MinSizeRel|x64.ActiveCfg = MinSizeRel|x64
		{3FBEB028-B30A-3E76-9189-24ABFEBA4ED1}.MinSizeRel|x64.Build.0 = MinSizeRel|x64
		{3FBEB028-B30A-3E76-9189-24ABFEBA4ED1}.RelWithDebInfo|x64.ActiveCfg = RelWithDebInfo|x64
		{3FBEB028-B30A-3E76-9189-24ABFEBA4ED1}.RelWithDebInfo|x64.Build.0 = RelWithDebInfo|x64
		{81A10D9F-EB88-355F-A46E-744AA5646175}.Debug|x64.ActiveCfg = Debug|x64
		{81A10D9F-EB88-355F-A46E-744AA5646175}.Release|x64.ActiveCfg = Release|x64
		{81A10D9F-EB88-355F-A46E-744AA5646175}.MinSizeRel|x64.ActiveCfg = MinSizeRel|x64
		{81A10D9F-EB88-355F-A46E-744AA5646175}.RelWithDebInfo|x64.ActiveCfg = RelWithDebInfo|x64
		{3F1E4E6D-978D-390B-83E3-E7C5EA9BD66E}.Debug|x64.ActiveCfg = Debug|x64
		{3F1E4E6D-978D-390B-83E3-E7C5EA9BD66E}.Debug|x64.Build.0 = Debug|x64
		{3F1E4E6D-978D-390B-83E3-E7C5EA9BD66E}.Release|x64.ActiveCfg = Release|x64
		{3F1E4E6D-978D-390B-83E3-E7C5EA9BD66E}.Release|x64.Build.0 = Release|x64
		{3F1E4E6D-978D-390B-83E3-E7C5EA9BD66E}.MinSizeRel|x64.ActiveCfg = MinSizeRel|x64
		{3F1E4E6D-978D-390B-83E3-E7C5EA9BD66E}.MinSizeRel|x64.Build.0 = MinSizeRel|x64
		{3F1E4E6D-978D-390B-83E3-E7C5EA9BD66E}.RelWithDebInfo|x64.ActiveCfg = RelWithDebInfo|x64
		{3F1E4E6D-978D-390B-83E3-E7C5EA9BD66E}.RelWithDebInfo|x64.Build.0 = RelWithDebInfo|x64
		{31900DA8-4CE5-32E6-B6BB-00C7C0F34961}.Debug|x64.ActiveCfg = Debug|x64
		{31900DA8-4CE5-32E6-B6BB-00C7C0F34961}.Debug|x64.Build.0 = Debug|x64
		{31900DA8-4CE5-32E6-B6BB-00C7C0F34961}.Release|x64.ActiveCfg = Release|x64
		{31900DA8-4CE5-32E6-B6BB-00C7C0F34961}.Release|x64.Build.0 = Release|x64
		{31900DA8-4CE5-32E6-B6BB-00C7C0F34961}.MinSizeRel|x64.ActiveCfg = MinSizeRel|x64
		{31900DA8-4CE5-32E6-B6BB-00C7C0F34961}.MinSizeRel|x64.Build.0 = MinSizeRel|x64
		{31900DA8-4CE5-32E6-B6BB-00C7C0F34961}.RelWithDebInfo|x64.ActiveCfg = RelWithDebInfo|x64
		{31900DA8-4CE5-32E6-B6BB-00C7C0F34961}.RelWithDebInfo|x64.Build.0 = RelWithDebInfo|x64
		{CB6B5E4E-FE56-34E1-91CB-BEF93CFC5CE4}.Debug|x64.ActiveCfg = Debug|x64
		{CB6B5E4E-FE56-34E1-91CB-BEF93CFC5CE4}.Debug|x64.Build.0 = Debug|x64
		{CB6B5E4E-FE56-34E1-91CB-BEF93CFC5CE4}.Release|x64.ActiveCfg = Release|x64
		{CB6B5E4E-FE56-34E1-91CB-BEF93CFC5CE4}.Release|x64.Build.0 = Release|x64
		{CB6B5E4E-FE56-34E1-91CB-BEF93CFC5CE4}.MinSizeRel|x64.ActiveCfg = MinSizeRel|x64
		{CB6B5E4E-FE56-34E1-91CB-BEF93CFC5CE4}.MinSizeRel|x64.Build.0 = MinSizeRel|x64
		{CB6B5E4E-FE56-34E1-91CB-BEF93CFC5CE4}.RelWithDebInfo|x64.ActiveCfg = RelWithDebInfo|x64
		{CB6B5E4E-FE56-34E1-91CB-BEF93CFC5CE4}.RelWithDebInfo|x64.Build.0 = RelWithDebInfo|x64
		{32FD19E4-2D8E-377C-B69E-6F937BF86130}.Debug|x64.ActiveCfg = Debug|x64
		{32FD19E4-2D8E-377C-B69E-6F937BF86130}.Debug|x64.Build.0 = Debug|x64
		{32FD19E4-2D8E-377C-B69E-6F937BF86130}.Release|x64.ActiveCfg = Release|x64
		{32FD19E4-2D8E-377C-B69E-6F937BF86130}.Release|x64.Build.0 = Release|x64
		{32FD19E4-2D8E-377C-B69E-6F937BF86130}.MinSizeRel|x64.ActiveCfg = MinSizeRel|x64
		{32FD19E4-2D8E-377C-B69E-6F937BF86130}.MinSizeRel|x64.Build.0 = MinSizeRel|x64
		{32FD19E4-2D8E-377C-B69E-6F937BF86130}.RelWithDebInfo|x64.ActiveCfg = RelWithDebInfo|x64
		{32FD19E4-2D8E-377C-B69E-6F937BF86130}.RelWithDebInfo|x64.Build.0 = RelWithDebInfo|x64
		{B4945294-9C03-3CF4-90CF-A0F6DB00BF7F}.Debug|x64.ActiveCfg = Debug|x64
		{B4945294-9C03-3CF4-90CF-A0F6DB00BF7F}.Release|x64.ActiveCfg = Release|x64
		{B4945294-9C03-3CF4-90CF-A0F6DB00BF7F}.MinSizeRel|x64.ActiveCfg = MinSizeRel|x64
		{B4945294-9C03-3CF4-90CF-A0F6DB00BF7F}.RelWithDebInfo|x64.ActiveCfg = RelWithDebInfo|x64
		{51033783-99E7-3DEE-8E61-8D040208B7EF}.Debug|x64.ActiveCfg = Debug|x64
		{51033783-99E7-3DEE-8E61-8D040208B7EF}.Debug|x64.Build.0 = Debug|x64
		{51033783-99E7-3DEE-8E61-8D040208B7EF}.Release|x64.ActiveCfg = Release|x64
		{51033783-99E7-3DEE-8E61-8D040208B7EF}.Release|x64.Build.0 = Release|x64
		{51033783-99E7-3DEE-8E61-8D040208B7EF}.MinSizeRel|x64.ActiveCfg = MinSizeRel|x64
		{51033783-99E7-3DEE-8E61-8D040208B7EF}.MinSizeRel|x64.Build.0 = MinSizeRel|x64
		{51033783-99E7-3DEE-8E61-8D040208B7EF}.RelWithDebInfo|x64.ActiveCfg = RelWithDebInfo|x64
		{51033783-99E7-3DEE-8E61-8D040208B7EF}.RelWithDebInfo|x64.Build.0 = RelWithDebInfo|x64
	EndGlobalSection
	GlobalSection(ExtensibilityGlobals) = postSolution
		SolutionGuid = {8D7720CE-D8C9-377E-AD47-D3F06E12CDCF}
	EndGlobalSection
	GlobalSection(ExtensibilityAddIns) = postSolution
	EndGlobalSection
EndGlobal
