<?xml version="1.0" encoding="utf-8"?>
<Project ToolsVersion="16.0" xmlns="http://schemas.microsoft.com/developer/msbuild/2003">
  <ItemGroup>
    <ClCompile Include="C:\Code\Git\arx-libertatis-Remix\arx\build_vc16\ub_arxsavetool.cpp" />
  </ItemGroup>
  <ItemGroup>
    <ClInclude Include="C:\Code\Git\arx-libertatis-Remix\arx\src\platform\Dialog.cpp">
      <Filter>src\platform</Filter>
    </ClInclude>
    <ClInclude Include="C:\Code\Git\arx-libertatis-Remix\arx\src\platform\Environment.cpp">
      <Filter>src\platform</Filter>
    </ClInclude>
    <ClInclude Include="C:\Code\Git\arx-libertatis-Remix\arx\src\platform\Lock.cpp">
      <Filter>src\platform</Filter>
    </ClInclude>
    <ClInclude Include="C:\Code\Git\arx-libertatis-Remix\arx\src\platform\OS.cpp">
      <Filter>src\platform</Filter>
    </ClInclude>
    <ClInclude Include="C:\Code\Git\arx-libertatis-Remix\arx\src\platform\Platform.cpp">
      <Filter>src\platform</Filter>
    </ClInclude>
    <ClInclude Include="C:\Code\Git\arx-libertatis-Remix\arx\src\platform\ProgramOptions.cpp">
      <Filter>src\platform</Filter>
    </ClInclude>
    <ClInclude Include="C:\Code\Git\arx-libertatis-Remix\arx\src\platform\Time.cpp">
      <Filter>src\platform</Filter>
    </ClInclude>
    <ClInclude Include="C:\Code\Git\arx-libertatis-Remix\arx\src\io\fs\FilePath.cpp">
      <Filter>src\io\fs</Filter>
    </ClInclude>
    <ClInclude Include="C:\Code\Git\arx-libertatis-Remix\arx\src\io\fs\FileStream.cpp">
      <Filter>src\io\fs</Filter>
    </ClInclude>
    <ClInclude Include="C:\Code\Git\arx-libertatis-Remix\arx\src\io\fs\Filesystem.cpp">
      <Filter>src\io\fs</Filter>
    </ClInclude>
    <ClInclude Include="C:\Code\Git\arx-libertatis-Remix\arx\src\io\fs\SystemPaths.cpp">
      <Filter>src\io\fs</Filter>
    </ClInclude>
    <ClInclude Include="C:\Code\Git\arx-libertatis-Remix\arx\src\io\fs\FilesystemWindows.cpp">
      <Filter>src\io\fs</Filter>
    </ClInclude>
    <ClInclude Include="C:\Code\Git\arx-libertatis-Remix\arx\src\io\log\ConsoleLogger.cpp">
      <Filter>src\io\log</Filter>
    </ClInclude>
    <ClInclude Include="C:\Code\Git\arx-libertatis-Remix\arx\src\io\log\LogBackend.cpp">
      <Filter>src\io\log</Filter>
    </ClInclude>
    <ClInclude Include="C:\Code\Git\arx-libertatis-Remix\arx\src\io\log\Logger.cpp">
      <Filter>src\io\log</Filter>
    </ClInclude>
    <ClInclude Include="C:\Code\Git\arx-libertatis-Remix\arx\src\io\log\MsvcLogger.cpp">
      <Filter>src\io\log</Filter>
    </ClInclude>
    <ClInclude Include="C:\Code\Git\arx-libertatis-Remix\arx\src\io\Blast.cpp">
      <Filter>src\io</Filter>
    </ClInclude>
    <ClInclude Include="C:\Code\Git\arx-libertatis-Remix\arx\src\io\resource\PakEntry.cpp">
      <Filter>src\io\resource</Filter>
    </ClInclude>
    <ClInclude Include="C:\Code\Git\arx-libertatis-Remix\arx\src\io\resource\PakReader.cpp">
      <Filter>src\io\resource</Filter>
    </ClInclude>
    <ClInclude Include="C:\Code\Git\arx-libertatis-Remix\arx\src\io\resource\ResourcePath.cpp">
      <Filter>src\io\resource</Filter>
    </ClInclude>
    <ClInclude Include="C:\Code\Git\arx-libertatis-Remix\arx\src\util\String.cpp">
      <Filter>src\util</Filter>
    </ClInclude>
    <ClInclude Include="C:\Code\Git\arx-libertatis-Remix\arx\src\core\Localisation.cpp">
      <Filter>src\core</Filter>
    </ClInclude>
    <ClInclude Include="C:\Code\Git\arx-libertatis-Remix\arx\src\io\SaveBlock.cpp">
      <Filter>src\io</Filter>
    </ClInclude>
    <ClInclude Include="C:\Code\Git\arx-libertatis-Remix\arx\src\io\IniReader.cpp">
      <Filter>src\io</Filter>
    </ClInclude>
    <ClInclude Include="C:\Code\Git\arx-libertatis-Remix\arx\src\io\IniSection.cpp">
      <Filter>src\io</Filter>
    </ClInclude>
    <ClInclude Include="C:\Code\Git\arx-libertatis-Remix\arx\tools\savetool\SaveFix.h">
      <Filter>Header Files</Filter>
    </ClInclude>
    <ClInclude Include="C:\Code\Git\arx-libertatis-Remix\arx\tools\savetool\SaveFix.cpp">
      <Filter>Source Files</Filter>
    </ClInclude>
    <ClInclude Include="C:\Code\Git\arx-libertatis-Remix\arx\tools\savetool\SaveTool.cpp">
      <Filter>Source Files</Filter>
    </ClInclude>
    <ClInclude Include="C:\Code\Git\arx-libertatis-Remix\arx\tools\savetool\SaveView.h">
      <Filter>Header Files</Filter>
    </ClInclude>
    <ClInclude Include="C:\Code\Git\arx-libertatis-Remix\arx\tools\savetool\SaveView.cpp">
      <Filter>Source Files</Filter>
    </ClInclude>
  </ItemGroup>
  <ItemGroup>
    <CustomBuild Include="C:\Code\Git\arx-libertatis-Remix\arx\CMakeLists.txt" />
  </ItemGroup>
  <ItemGroup>
    <Filter Include="Header Files">
      <UniqueIdentifier>{4C6146F5-3564-3A6D-9E98-DE08AF325D14}</UniqueIdentifier>
    </Filter>
    <Filter Include="Source Files">
      <UniqueIdentifier>{B09EE32C-9D6D-3BBD-A609-25207E1D6ADD}</UniqueIdentifier>
    </Filter>
    <Filter Include="src">
      <UniqueIdentifier>{4B016762-A0E5-35CA-9351-12FD3CBC38F6}</UniqueIdentifier>
    </Filter>
    <Filter Include="src\core">
      <UniqueIdentifier>{83751B6A-FCF4-36A1-B1BB-C1C50423AF06}</UniqueIdentifier>
    </Filter>
    <Filter Include="src\io">
      <UniqueIdentifier>{E17D7DFF-F2A3-395F-B692-330999F8089F}</UniqueIdentifier>
    </Filter>
    <Filter Include="src\io\fs">
      <UniqueIdentifier>{6DBDD4E9-DE3B-3137-B9DD-A2784137F864}</UniqueIdentifier>
    </Filter>
    <Filter Include="src\io\log">
      <UniqueIdentifier>{B0DF3473-30D1-3D91-A20C-F4EA410F1B93}</UniqueIdentifier>
    </Filter>
    <Filter Include="src\io\resource">
      <UniqueIdentifier>{6587E976-723D-30F8-A4BD-298E1C7EFBE0}</UniqueIdentifier>
    </Filter>
    <Filter Include="src\platform">
      <UniqueIdentifier>{2B13F0F2-0CEC-3485-B76E-6947AC0A7790}</UniqueIdentifier>
    </Filter>
    <Filter Include="src\util">
      <UniqueIdentifier>{98258768-421A-3BE8-9AA6-BE125E034488}</UniqueIdentifier>
    </Filter>
  </ItemGroup>
</Project>
