<?xml version="1.0" encoding="utf-8"?>
<Project ToolsVersion="16.0" xmlns="http://schemas.microsoft.com/developer/msbuild/2003">
  <ItemGroup>
    <CustomBuild Include="C:\Code\Git\arx-libertatis-Remix\arx\build_vc16\CMakeFiles\f5d71e61782c400c1164a50938395227\generate.stamp.rule">
      <Filter>CMake Rules</Filter>
    </CustomBuild>
  </ItemGroup>
  <ItemGroup>
    <None Include="C:\Code\Git\arx-libertatis-Remix\arx\cmake\BuildSystem.cmake">
      <Filter>Buildsystem Input Files\cmake</Filter>
    </None>
    <None Include="C:\Code\Git\arx-libertatis-Remix\arx\cmake\BuildType.cmake">
      <Filter>Buildsystem Input Files\cmake</Filter>
    </None>
    <None Include="C:\Code\Git\arx-libertatis-Remix\arx\cmake\CompileCheck.cmake">
      <Filter>Buildsystem Input Files\cmake</Filter>
    </None>
    <None Include="C:\Code\Git\arx-libertatis-Remix\arx\cmake\CreateSourceGroups.cmake">
      <Filter>Buildsystem Input Files\cmake</Filter>
    </None>
    <None Include="C:\Code\Git\arx-libertatis-Remix\arx\cmake\FindDirectX.cmake">
      <Filter>Buildsystem Input Files\cmake</Filter>
    </None>
    <None Include="C:\Code\Git\arx-libertatis-Remix\arx\cmake\FindGLEW.cmake">
      <Filter>Buildsystem Input Files\cmake</Filter>
    </None>
    <None Include="C:\Code\Git\arx-libertatis-Remix\arx\cmake\FindOpenALEFX.cmake">
      <Filter>Buildsystem Input Files\cmake</Filter>
    </None>
    <None Include="C:\Code\Git\arx-libertatis-Remix\arx\cmake\PrintConfiguration.cmake">
      <Filter>Buildsystem Input Files\cmake</Filter>
    </None>
    <None Include="C:\Code\Git\arx-libertatis-Remix\arx\cmake\StyleCheck.cmake">
      <Filter>Buildsystem Input Files\cmake</Filter>
    </None>
    <None Include="C:\Code\Git\arx-libertatis-Remix\arx\cmake\UseStaticLibs.cmake">
      <Filter>Buildsystem Input Files\cmake</Filter>
    </None>
    <None Include="C:\Code\Git\arx-libertatis-Remix\arx\cmake\VersionString.cmake">
      <Filter>Buildsystem Input Files\cmake</Filter>
    </None>
    <None Include="C:\Code\Git\arx-libertatis-Remix\arx\src\Configure.h.in">
      <Filter>Buildsystem Input Files\src</Filter>
    </None>
    <None Include="C:\Code\Git\arx-libertatis-Remix\arx\src\io\fs\PathConstants.h.in">
      <Filter>Buildsystem Input Files\src\io\fs</Filter>
    </None>
    <None Include="C:\Code\Git\arx-libertatis-Remix\arx\src\platform\PlatformConfig.h.in">
      <Filter>Buildsystem Input Files\src\platform</Filter>
    </None>
  </ItemGroup>
  <ItemGroup>
    <Filter Include="CMake Rules">
      <UniqueIdentifier>{C3CC52E5-BF82-3A11-829D-C4C8C83BBB44}</UniqueIdentifier>
    </Filter>
    <Filter Include="Header Files">
      <UniqueIdentifier>{4C6146F5-3564-3A6D-9E98-DE08AF325D14}</UniqueIdentifier>
    </Filter>
    <Filter Include="Buildsystem Input Files\cmake">
      <UniqueIdentifier>{15199A26-3ACC-3BAA-B13A-9E40BC447B49}</UniqueIdentifier>
    </Filter>
    <Filter Include="Buildsystem Input Files\src">
      <UniqueIdentifier>{6BD1BC78-38B4-3DBB-A092-1CAD8E19FEA8}</UniqueIdentifier>
    </Filter>
    <Filter Include="Buildsystem Input Files\src\io\fs">
      <UniqueIdentifier>{F62F275C-E9D0-3F00-94AD-2314DDAFCE71}</UniqueIdentifier>
    </Filter>
    <Filter Include="Buildsystem Input Files\src\platform">
      <UniqueIdentifier>{7398902D-2494-3613-B4C5-00B0BD6BADAB}</UniqueIdentifier>
    </Filter>
  </ItemGroup>
</Project>
